
Microsoft Visual Studio Solution File, Format Version 12.00
# Visual Studio Version 17
VisualStudioVersion = 17.3.32825.248
MinimumVisualStudioVersion = 10.0.40219.1
Project("{9A19103F-16F7-4668-BE54-9A1E7A4F7556}") = "FT-ProviderSys", "FT-ProviderSys\FT-ProviderSys.csproj", "{923E8DB0-6889-489A-AAFC-A28697CA5505}"
EndProject
Project("{FAE04EC0-301F-11D3-BF4B-00C04F79EFBC}") = "FT-ProviderSys.UnitTest", "FT-ProviderSys.UnitTest\FT-ProviderSys.UnitTest.csproj", "{8BB7789A-1692-4824-AFE1-FBDCC8AFCF5D}"
EndProject
Global
	GlobalSection(SolutionConfigurationPlatforms) = preSolution
		Debug|Any CPU = Debug|Any CPU
		Release|Any CPU = Release|Any CPU
	EndGlobalSection
	GlobalSection(ProjectConfigurationPlatforms) = postSolution
		{923E8DB0-6889-489A-AAFC-A28697CA5505}.Debug|Any CPU.ActiveCfg = Debug|Any CPU
		{923E8DB0-6889-489A-AAFC-A28697CA5505}.Debug|Any CPU.Build.0 = Debug|Any CPU
		{923E8DB0-6889-489A-AAFC-A28697CA5505}.Release|Any CPU.ActiveCfg = Release|Any CPU
		{923E8DB0-6889-489A-AAFC-A28697CA5505}.Release|Any CPU.Build.0 = Release|Any CPU
		{8BB7789A-1692-4824-AFE1-FBDCC8AFCF5D}.Debug|Any CPU.ActiveCfg = Debug|Any CPU
		{8BB7789A-1692-4824-AFE1-FBDCC8AFCF5D}.Debug|Any CPU.Build.0 = Debug|Any CPU
		{8BB7789A-1692-4824-AFE1-FBDCC8AFCF5D}.Release|Any CPU.ActiveCfg = Release|Any CPU
		{8BB7789A-1692-4824-AFE1-FBDCC8AFCF5D}.Release|Any CPU.Build.0 = Release|Any CPU
	EndGlobalSection
	GlobalSection(SolutionProperties) = preSolution
		HideSolutionNode = FALSE
	EndGlobalSection
	GlobalSection(ExtensibilityGlobals) = postSolution
		SolutionGuid = {B5EB10E1-C29F-43AF-A6A2-11D3CA769601}
	EndGlobalSection
EndGlobal
